{
  "nodes": {
    "euterpea": {
      "inputs": {
        "flake-utils": "flake-utils",
        "nixpkgs": [
          "nixpkgs"
        ]
      },
      "locked": {
        "lastModified": 1670086140,
        "narHash": "sha256-8BUp0EXDn2Kp2UM6rs9pS7VIlwXwRoWvrRY3fZL8Jq8=",
        "owner": "dschrempf",
        "repo": "Euterpea2",
        "rev": "ba910d86be58b6cc963e174597e1ddf93ad6e9ca",
        "type": "github"
      },
      "original": {
        "owner": "dschrempf",
        "ref": "nix-flake",
        "repo": "Euterpea2",
        "type": "github"
      }
    },
    "flake-utils": {
      "locked": {
        "lastModified": 1667395993,
        "narHash": "sha256-nuEHfE/LcWyuSWnS8t12N1wc105Qtau+/OdUAjtQ0rA=",
        "owner": "numtide",
        "repo": "flake-utils",
        "rev": "5aed5285a952e0b949eb3ba02c12fa4fcfef535f",
        "type": "github"
      },
      "original": {
        "owner": "numtide",
        "repo": "flake-utils",
        "type": "github"
      }
    },
    "flake-utils_2": {
      "locked": {
        "lastModified": 1667395993,
        "narHash": "sha256-nuEHfE/LcWyuSWnS8t12N1wc105Qtau+/OdUAjtQ0rA=",
        "owner": "numtide",
        "repo": "flake-utils",
        "rev": "5aed5285a952e0b949eb3ba02c12fa4fcfef535f",
        "type": "github"
      },
      "original": {
        "owner": "numtide",
        "repo": "flake-utils",
        "type": "github"
      }
    },
    "nixpkgs": {
      "locked": {
        "lastModified": 1666575821,
        "narHash": "sha256-m9JHuEUXLMyRKvx4DHTwkOwbrslfEb1cIawqDH49Odg=",
        "owner": "NixOS",
        "repo": "nixpkgs",
        "rev": "afd4752a3812a30f21adcc909484dd677e53b849",
        "type": "github"
      },
      "original": {
        "owner": "NixOS",
        "ref": "nixos-unstable-small",
        "repo": "nixpkgs",
        "type": "github"
      }
    },
    "root": {
      "inputs": {
        "euterpea": "euterpea",
        "flake-utils": "flake-utils_2",
        "nixpkgs": "nixpkgs"
      }
    }
  },
  "root": "root",
  "version": 7
}
